
Microsoft Visual Studio Solution File, Format Version 12.00
# Visual Studio Version 17
VisualStudioVersion = 17.2.32616.157
MinimumVisualStudioVersion = 10.0.40219.1
Project("{FAE04EC0-301F-11D3-BF4B-00C04F79EFBC}") = "ForEach", "lab2\ForEach.csproj", "{8F7D4000-EC1D-4A7F-8188-61AAABD37742}"
EndProject
Project("{FAE04EC0-301F-11D3-BF4B-00C04F79EFBC}") = "Employee", "Employee\Employee.csproj", "{501FA3D9-CF42-4CD0-82FB-300A893C6B43}"
EndProject
Project("{FAE04EC0-301F-11D3-BF4B-00C04F79EFBC}") = "ArrayClass", "ArrayClass\ArrayClass.csproj", "{F934B5BB-16D8-4B2B-B92D-B5D218A218D8}"
EndProject
Global
	GlobalSection(SolutionConfigurationPlatforms) = preSolution
		Debug|Any CPU = Debug|Any CPU
		Release|Any CPU = Release|Any CPU
	EndGlobalSection
	GlobalSection(ProjectConfigurationPlatforms) = postSolution
		{8F7D4000-EC1D-4A7F-8188-61AAABD37742}.Debug|Any CPU.ActiveCfg = Debug|Any CPU
		{8F7D4000-EC1D-4A7F-8188-61AAABD37742}.Debug|Any CPU.Build.0 = Debug|Any CPU
		{8F7D4000-EC1D-4A7F-8188-61AAABD37742}.Release|Any CPU.ActiveCfg = Release|Any CPU
		{8F7D4000-EC1D-4A7F-8188-61AAABD37742}.Release|Any CPU.Build.0 = Release|Any CPU
		{501FA3D9-CF42-4CD0-82FB-300A893C6B43}.Debug|Any CPU.ActiveCfg = Debug|Any CPU
		{501FA3D9-CF42-4CD0-82FB-300A893C6B43}.Debug|Any CPU.Build.0 = Debug|Any CPU
		{501FA3D9-CF42-4CD0-82FB-300A893C6B43}.Release|Any CPU.ActiveCfg = Release|Any CPU
		{501FA3D9-CF42-4CD0-82FB-300A893C6B43}.Release|Any CPU.Build.0 = Release|Any CPU
		{F934B5BB-16D8-4B2B-B92D-B5D218A218D8}.Debug|Any CPU.ActiveCfg = Debug|Any CPU
		{F934B5BB-16D8-4B2B-B92D-B5D218A218D8}.Debug|Any CPU.Build.0 = Debug|Any CPU
		{F934B5BB-16D8-4B2B-B92D-B5D218A218D8}.Release|Any CPU.ActiveCfg = Release|Any CPU
		{F934B5BB-16D8-4B2B-B92D-B5D218A218D8}.Release|Any CPU.Build.0 = Release|Any CPU
	EndGlobalSection
	GlobalSection(SolutionProperties) = preSolution
		HideSolutionNode = FALSE
	EndGlobalSection
	GlobalSection(ExtensibilityGlobals) = postSolution
		SolutionGuid = {C5BA3F1C-B8BE-4A7A-87E1-75F8454E07DA}
	EndGlobalSection
EndGlobal
